
Microsoft Visual Studio Solution File, Format Version 12.00
# Visual Studio Version 16
VisualStudioVersion = 16.0.30128.74
MinimumVisualStudioVersion = 10.0.40219.1
Project("{FAE04EC0-301F-11D3-BF4B-00C04F79EFBC}") = "TicketingMacro", "TicketingMacro\TicketingMacro.csproj", "{73DB1C1E-288E-4107-A82F-5297CB62B853}"
EndProject
Global
	GlobalSection(SolutionConfigurationPlatforms) = preSolution
		Debug|Any CPU = Debug|Any CPU
		Release|Any CPU = Release|Any CPU
	EndGlobalSection
	GlobalSection(ProjectConfigurationPlatforms) = postSolution
		{73DB1C1E-288E-4107-A82F-5297CB62B853}.Debug|Any CPU.ActiveCfg = Debug|Any CPU
		{73DB1C1E-288E-4107-A82F-5297CB62B853}.Debug|Any CPU.Build.0 = Debug|Any CPU
		{73DB1C1E-288E-4107-A82F-5297CB62B853}.Release|Any CPU.ActiveCfg = Release|Any CPU
		{73DB1C1E-288E-4107-A82F-5297CB62B853}.Release|Any CPU.Build.0 = Release|Any CPU
	EndGlobalSection
	GlobalSection(SolutionProperties) = preSolution
		HideSolutionNode = FALSE
	EndGlobalSection
	GlobalSection(ExtensibilityGlobals) = postSolution
		SolutionGuid = {AF7DE9B8-415E-4687-B30A-8FF9A002285E}
	EndGlobalSection
EndGlobal
